
Microsoft Visual Studio Solution File, Format Version 12.00
# Visual Studio Version 16
VisualStudioVersion = 16.0.32228.343
MinimumVisualStudioVersion = 10.0.40219.1
Project("{9A19103F-16F7-4668-BE54-9A1E7A4F7556}") = "000_EnterPoint", "000_EnterPoint\000_EnterPoint.csproj", "{1A6032A2-97DC-4373-A19A-ABAAE310EAF1}"
EndProject
Project("{9A19103F-16F7-4668-BE54-9A1E7A4F7556}") = "010_Task01", "010_Task01\010_Task01.csproj", "{4EB7C557-BE02-4353-BDF0-57458B82C909}"
EndProject
Global
	GlobalSection(SolutionConfigurationPlatforms) = preSolution
		Debug|Any CPU = Debug|Any CPU
		Release|Any CPU = Release|Any CPU
	EndGlobalSection
	GlobalSection(ProjectConfigurationPlatforms) = postSolution
		{1A6032A2-97DC-4373-A19A-ABAAE310EAF1}.Debug|Any CPU.ActiveCfg = Debug|Any CPU
		{1A6032A2-97DC-4373-A19A-ABAAE310EAF1}.Debug|Any CPU.Build.0 = Debug|Any CPU
		{1A6032A2-97DC-4373-A19A-ABAAE310EAF1}.Release|Any CPU.ActiveCfg = Release|Any CPU
		{1A6032A2-97DC-4373-A19A-ABAAE310EAF1}.Release|Any CPU.Build.0 = Release|Any CPU
		{4EB7C557-BE02-4353-BDF0-57458B82C909}.Debug|Any CPU.ActiveCfg = Debug|Any CPU
		{4EB7C557-BE02-4353-BDF0-57458B82C909}.Debug|Any CPU.Build.0 = Debug|Any CPU
		{4EB7C557-BE02-4353-BDF0-57458B82C909}.Release|Any CPU.ActiveCfg = Release|Any CPU
		{4EB7C557-BE02-4353-BDF0-57458B82C909}.Release|Any CPU.Build.0 = Release|Any CPU
	EndGlobalSection
	GlobalSection(SolutionProperties) = preSolution
		HideSolutionNode = FALSE
	EndGlobalSection
	GlobalSection(ExtensibilityGlobals) = postSolution
		SolutionGuid = {376B009D-4E43-49AB-8833-88B3FA73B2BA}
	EndGlobalSection
EndGlobal
